
Microsoft Visual Studio Solution File, Format Version 12.00
# Visual Studio Express 2012 for Windows Desktop
Project("{FAE04EC0-301F-11D3-BF4B-00C04F79EFBC}") = "RNGPlaysVG", "RNGPlaysVG\RNGPlaysVG.csproj", "{FFC3219E-7F0C-4141-8CFD-36FC7FDEF0CC}"
EndProject
Global
	GlobalSection(SolutionConfigurationPlatforms) = preSolution
		Debug|Any CPU = Debug|Any CPU
		Release|Any CPU = Release|Any CPU
	EndGlobalSection
	GlobalSection(ProjectConfigurationPlatforms) = postSolution
		{FFC3219E-7F0C-4141-8CFD-36FC7FDEF0CC}.Debug|Any CPU.ActiveCfg = Debug|Any CPU
		{FFC3219E-7F0C-4141-8CFD-36FC7FDEF0CC}.Debug|Any CPU.Build.0 = Debug|Any CPU
		{FFC3219E-7F0C-4141-8CFD-36FC7FDEF0CC}.Release|Any CPU.ActiveCfg = Release|Any CPU
		{FFC3219E-7F0C-4141-8CFD-36FC7FDEF0CC}.Release|Any CPU.Build.0 = Release|Any CPU
	EndGlobalSection
	GlobalSection(SolutionProperties) = preSolution
		HideSolutionNode = FALSE
	EndGlobalSection
EndGlobal
